<?xml version="1.0" encoding="utf-8"?>
<Project ToolsVersion="4.0" xmlns="http://schemas.microsoft.com/developer/msbuild/2003">
  <ItemGroup>
    <Filter Include="Исходные файлы">
      <UniqueIdentifier>{4FC737F1-C7A5-4376-A066-2A32D752A2FF}</UniqueIdentifier>
      <Extensions>cpp;c;cc;cxx;c++;def;odl;idl;hpj;bat;asm;asmx</Extensions>
    </Filter>
    <Filter Include="Файлы заголовков">
      <UniqueIdentifier>{93995380-89BD-4b04-88EB-625FBE52EBFB}</UniqueIdentifier>
      <Extensions>h;hh;hpp;hxx;h++;hm;inl;inc;ipp;xsd</Extensions>
    </Filter>
    <Filter Include="Файлы ресурсов">
      <UniqueIdentifier>{67DA6AB6-F800-4c08-8B7A-83BB121AAD01}</UniqueIdentifier>
      <Extensions>rc;ico;cur;bmp;dlg;rc2;rct;bin;rgs;gif;jpg;jpeg;jpe;resx;tiff;tif;png;wav;mfcribbon-ms</Extensions>
    </Filter>
  </ItemGroup>
  <ItemGroup>
    <ClCompile Include="dllmain.cpp">
      <Filter>Исходные файлы</Filter>
    </ClCompile>
    <ClCompile Include="utils.cpp">
      <Filter>Исходные файлы</Filter>
    </ClCompile>
    <ClCompile Include="module.cpp">
      <Filter>Исходные файлы</Filter>
    </ClCompile>
    <ClCompile Include="detours.cpp">
      <Filter>Исходные файлы</Filter>
    </ClCompile>
    <ClCompile Include="hooks.cpp">
      <Filter>Исходные файлы</Filter>
    </ClCompile>
    <ClCompile Include="VMTHooks.cpp">
      <Filter>Исходные файлы</Filter>
    </ClCompile>
    <ClCompile Include="SourceSDK\entity.cpp">
      <Filter>Исходные файлы</Filter>
    </ClCompile>
    <ClCompile Include="Features\aim.cpp">
      <Filter>Исходные файлы</Filter>
    </ClCompile>
    <ClCompile Include="Features\esp.cpp">
      <Filter>Исходные файлы</Filter>
    </ClCompile>
    <ClCompile Include="Features\entityList.cpp">
      <Filter>Исходные файлы</Filter>
    </ClCompile>
    <ClCompile Include="Features\movement.cpp">
      <Filter>Исходные файлы</Filter>
    </ClCompile>
    <ClCompile Include="console.cpp">
      <Filter>Исходные файлы</Filter>
    </ClCompile>
    <ClCompile Include="var.cpp">
      <Filter>Исходные файлы</Filter>
    </ClCompile>
    <ClCompile Include="Features\antiAim.cpp">
      <Filter>Исходные файлы</Filter>
    </ClCompile>
    <ClCompile Include="drawing.cpp">
      <Filter>Исходные файлы</Filter>
    </ClCompile>
    <ClCompile Include="Features\chams.cpp">
      <Filter>Исходные файлы</Filter>
    </ClCompile>
    <ClCompile Include="Features\misc.cpp">
      <Filter>Исходные файлы</Filter>
    </ClCompile>
    <ClCompile Include="Features\bones.cpp">
      <Filter>Исходные файлы</Filter>
    </ClCompile>
    <ClCompile Include="config.cpp">
      <Filter>Исходные файлы</Filter>
    </ClCompile>
  </ItemGroup>
  <ItemGroup>
    <ClInclude Include="utils.h">
      <Filter>Файлы заголовков</Filter>
    </ClInclude>
    <ClInclude Include="module.h">
      <Filter>Файлы заголовков</Filter>
    </ClInclude>
    <ClInclude Include="SourceSDK\iface.h">
      <Filter>Файлы заголовков</Filter>
    </ClInclude>
    <ClInclude Include="detours.h">
      <Filter>Файлы заголовков</Filter>
    </ClInclude>
    <ClInclude Include="hooks.h">
      <Filter>Файлы заголовков</Filter>
    </ClInclude>
    <ClInclude Include="interface.h">
      <Filter>Файлы заголовков</Filter>
    </ClInclude>
    <ClInclude Include="SourceSDK\Interfaces\IClient.h">
      <Filter>Файлы заголовков</Filter>
    </ClInclude>
    <ClInclude Include="SourceSDK\Interfaces\IEngineClient.h">
      <Filter>Файлы заголовков</Filter>
    </ClInclude>
    <ClInclude Include="SourceSDK\netvar.h">
      <Filter>Файлы заголовков</Filter>
    </ClInclude>
    <ClInclude Include="SourceSDK\globals.h">
      <Filter>Файлы заголовков</Filter>
    </ClInclude>
    <ClInclude Include="SourceSDK\Math\vector.h">
      <Filter>Файлы заголовков</Filter>
    </ClInclude>
    <ClInclude Include="SourceSDK\Math\qangle.h">
      <Filter>Файлы заголовков</Filter>
    </ClInclude>
    <ClInclude Include="SourceSDK\entity.h">
      <Filter>Файлы заголовков</Filter>
    </ClInclude>
    <ClInclude Include="SourceSDK\Math\matrix.h">
      <Filter>Файлы заголовков</Filter>
    </ClInclude>
    <ClInclude Include="SourceSDK\Interfaces\IClientEntityList.h">
      <Filter>Файлы заголовков</Filter>
    </ClInclude>
    <ClInclude Include="sperma_cast.h">
      <Filter>Файлы заголовков</Filter>
    </ClInclude>
    <ClInclude Include="VMTHooks.h">
      <Filter>Файлы заголовков</Filter>
    </ClInclude>
    <ClInclude Include="SourceSDK\usercmd.h">
      <Filter>Файлы заголовков</Filter>
    </ClInclude>
    <ClInclude Include="SourceSDK\const.h">
      <Filter>Файлы заголовков</Filter>
    </ClInclude>
    <ClInclude Include="SourceSDK\in_buttons.h">
      <Filter>Файлы заголовков</Filter>
    </ClInclude>
    <ClInclude Include="Features\aim.h">
      <Filter>Файлы заголовков</Filter>
    </ClInclude>
    <ClInclude Include="Features\esp.h">
      <Filter>Файлы заголовков</Filter>
    </ClInclude>
    <ClInclude Include="Features\entityList.h">
      <Filter>Файлы заголовков</Filter>
    </ClInclude>
    <ClInclude Include="Features\movement.h">
      <Filter>Файлы заголовков</Filter>
    </ClInclude>
    <ClInclude Include="console.h">
      <Filter>Файлы заголовков</Filter>
    </ClInclude>
    <ClInclude Include="var.h">
      <Filter>Файлы заголовков</Filter>
    </ClInclude>
    <ClInclude Include="Features\antiAim.h">
      <Filter>Файлы заголовков</Filter>
    </ClInclude>
    <ClInclude Include="SourceSDK\Interfaces\IInputSystem.h">
      <Filter>Файлы заголовков</Filter>
    </ClInclude>
    <ClInclude Include="SourceSDK\Interfaces\ISurface.h">
      <Filter>Файлы заголовков</Filter>
    </ClInclude>
    <ClInclude Include="SourceSDK\Interfaces\IPanel.h">
      <Filter>Файлы заголовков</Filter>
    </ClInclude>
    <ClInclude Include="SourceSDK\color.h">
      <Filter>Файлы заголовков</Filter>
    </ClInclude>
    <ClInclude Include="drawing.h">
      <Filter>Файлы заголовков</Filter>
    </ClInclude>
    <ClInclude Include="SourceSDK\Interfaces\IMaterialSystem.h">
      <Filter>Файлы заголовков</Filter>
    </ClInclude>
    <ClInclude Include="Features\chams.h">
      <Filter>Файлы заголовков</Filter>
    </ClInclude>
    <ClInclude Include="Features\misc.h">
      <Filter>Файлы заголовков</Filter>
    </ClInclude>
    <ClInclude Include="Features\bones.h">
      <Filter>Файлы заголовков</Filter>
    </ClInclude>
    <ClInclude Include="SourceSDK\Interfaces\ILuaShared.h">
      <Filter>Файлы заголовков</Filter>
    </ClInclude>
    <ClInclude Include="SourceSDK\Interfaces\IGameEvent.h">
      <Filter>Файлы заголовков</Filter>
    </ClInclude>
    <ClInclude Include="config.h">
      <Filter>Файлы заголовков</Filter>
    </ClInclude>
    <ClInclude Include="SourceSDK\trace.h">
      <Filter>Файлы заголовков</Filter>
    </ClInclude>
    <ClInclude Include="SourceSDK\Interfaces\IEngineTraceClient.h">
      <Filter>Файлы заголовков</Filter>
    </ClInclude>
  </ItemGroup>
</Project>